
Microsoft Visual Studio Solution File, Format Version 12.00
# Visual Studio 2012
Project("{FAE04EC0-301F-11D3-BF4B-00C04F79EFBC}") = "Foundation4MVC", "Foundation4MVC\Foundation4MVC.csproj", "{B703E89C-59EE-4C30-90EB-D10ECCD0D26D}"
EndProject
Global
	GlobalSection(SolutionConfigurationPlatforms) = preSolution
		Debug|Any CPU = Debug|Any CPU
		Release|Any CPU = Release|Any CPU
	EndGlobalSection
	GlobalSection(ProjectConfigurationPlatforms) = postSolution
		{B703E89C-59EE-4C30-90EB-D10ECCD0D26D}.Debug|Any CPU.ActiveCfg = Debug|Any CPU
		{B703E89C-59EE-4C30-90EB-D10ECCD0D26D}.Debug|Any CPU.Build.0 = Debug|Any CPU
		{B703E89C-59EE-4C30-90EB-D10ECCD0D26D}.Release|Any CPU.ActiveCfg = Release|Any CPU
		{B703E89C-59EE-4C30-90EB-D10ECCD0D26D}.Release|Any CPU.Build.0 = Release|Any CPU
	EndGlobalSection
	GlobalSection(SolutionProperties) = preSolution
		HideSolutionNode = FALSE
	EndGlobalSection
EndGlobal
